
Microsoft Visual Studio Solution File, Format Version 12.00
# Visual Studio Version 16
VisualStudioVersion = 16.0.31313.79
MinimumVisualStudioVersion = 10.0.40219.1
Project("{FAE04EC0-301F-11D3-BF4B-00C04F79EFBC}") = "EJ2", "EJ2\EJ2.csproj", "{E57F90E1-5F1E-4CD0-97AB-1180FF4C9BAE}"
EndProject
Global
	GlobalSection(SolutionConfigurationPlatforms) = preSolution
		Debug|Any CPU = Debug|Any CPU
		Release|Any CPU = Release|Any CPU
	EndGlobalSection
	GlobalSection(ProjectConfigurationPlatforms) = postSolution
		{E57F90E1-5F1E-4CD0-97AB-1180FF4C9BAE}.Debug|Any CPU.ActiveCfg = Debug|Any CPU
		{E57F90E1-5F1E-4CD0-97AB-1180FF4C9BAE}.Debug|Any CPU.Build.0 = Debug|Any CPU
		{E57F90E1-5F1E-4CD0-97AB-1180FF4C9BAE}.Release|Any CPU.ActiveCfg = Release|Any CPU
		{E57F90E1-5F1E-4CD0-97AB-1180FF4C9BAE}.Release|Any CPU.Build.0 = Release|Any CPU
	EndGlobalSection
	GlobalSection(SolutionProperties) = preSolution
		HideSolutionNode = FALSE
	EndGlobalSection
	GlobalSection(ExtensibilityGlobals) = postSolution
		SolutionGuid = {E72D6E51-33F0-4A41-956F-C026044D4B6A}
	EndGlobalSection
EndGlobal
